
Microsoft Visual Studio Solution File, Format Version 11.00
# Visual Studio 2010
Project("{FAE04EC0-301F-11D3-BF4B-00C04F79EFBC}") = "Cahoot", "Cahoot\Cahoot.csproj", "{58A34937-2E34-4F5B-A3ED-0AC65CE4B509}"
EndProject
Project("{2150E333-8FDC-42A3-9474-1A3956D46DE8}") = "Solution Items", "Solution Items", "{F3463B7E-3601-4706-ADE1-792469172AB6}"
	ProjectSection(SolutionItems) = preProject
		Cahoot - For Testing.AddIn = Cahoot - For Testing.AddIn
	EndProjectSection
EndProject
Global
	GlobalSection(SolutionConfigurationPlatforms) = preSolution
		Debug|Any CPU = Debug|Any CPU
		Release|Any CPU = Release|Any CPU
	EndGlobalSection
	GlobalSection(ProjectConfigurationPlatforms) = postSolution
		{58A34937-2E34-4F5B-A3ED-0AC65CE4B509}.Debug|Any CPU.ActiveCfg = Debug|Any CPU
		{58A34937-2E34-4F5B-A3ED-0AC65CE4B509}.Debug|Any CPU.Build.0 = Debug|Any CPU
		{58A34937-2E34-4F5B-A3ED-0AC65CE4B509}.Release|Any CPU.ActiveCfg = Release|Any CPU
		{58A34937-2E34-4F5B-A3ED-0AC65CE4B509}.Release|Any CPU.Build.0 = Release|Any CPU
	EndGlobalSection
	GlobalSection(SolutionProperties) = preSolution
		HideSolutionNode = FALSE
	EndGlobalSection
EndGlobal
