
Microsoft Visual Studio Solution File, Format Version 11.00
# Visual Studio 2010
Project("{FAE04EC0-301F-11D3-BF4B-00C04F79EFBC}") = "Cahoots", "src\Cahoots\Cahoots.csproj", "{618CE389-F1FB-45F8-941B-C2E2D4E49867}"
EndProject
Project("{FAE04EC0-301F-11D3-BF4B-00C04F79EFBC}") = "CahootsServices", "src\CahootsService\CahootsServices.csproj", "{46E32112-88F3-4338-B5D0-FAB1D8B3CFC8}"
EndProject
Project("{FAE04EC0-301F-11D3-BF4B-00C04F79EFBC}") = "CahootsExt", "src\CahootsExt\CahootsExt.csproj", "{797DC2F1-1CF0-48F8-B6F0-71DF5E7E1225}"
EndProject
Global
	GlobalSection(SolutionConfigurationPlatforms) = preSolution
		Debug|Any CPU = Debug|Any CPU
		Debug|Mixed Platforms = Debug|Mixed Platforms
		Debug|x86 = Debug|x86
		Release|Any CPU = Release|Any CPU
		Release|Mixed Platforms = Release|Mixed Platforms
		Release|x86 = Release|x86
	EndGlobalSection
	GlobalSection(ProjectConfigurationPlatforms) = postSolution
		{618CE389-F1FB-45F8-941B-C2E2D4E49867}.Debug|Any CPU.ActiveCfg = Debug|Any CPU
		{618CE389-F1FB-45F8-941B-C2E2D4E49867}.Debug|Any CPU.Build.0 = Debug|Any CPU
		{618CE389-F1FB-45F8-941B-C2E2D4E49867}.Debug|Mixed Platforms.ActiveCfg = Debug|Any CPU
		{618CE389-F1FB-45F8-941B-C2E2D4E49867}.Debug|Mixed Platforms.Build.0 = Debug|Any CPU
		{618CE389-F1FB-45F8-941B-C2E2D4E49867}.Debug|x86.ActiveCfg = Debug|Any CPU
		{618CE389-F1FB-45F8-941B-C2E2D4E49867}.Release|Any CPU.ActiveCfg = Release|Any CPU
		{618CE389-F1FB-45F8-941B-C2E2D4E49867}.Release|Any CPU.Build.0 = Release|Any CPU
		{618CE389-F1FB-45F8-941B-C2E2D4E49867}.Release|Mixed Platforms.ActiveCfg = Release|Any CPU
		{618CE389-F1FB-45F8-941B-C2E2D4E49867}.Release|Mixed Platforms.Build.0 = Release|Any CPU
		{618CE389-F1FB-45F8-941B-C2E2D4E49867}.Release|x86.ActiveCfg = Release|Any CPU
		{46E32112-88F3-4338-B5D0-FAB1D8B3CFC8}.Debug|Any CPU.ActiveCfg = Debug|Any CPU
		{46E32112-88F3-4338-B5D0-FAB1D8B3CFC8}.Debug|Any CPU.Build.0 = Debug|Any CPU
		{46E32112-88F3-4338-B5D0-FAB1D8B3CFC8}.Debug|Mixed Platforms.ActiveCfg = Debug|Any CPU
		{46E32112-88F3-4338-B5D0-FAB1D8B3CFC8}.Debug|Mixed Platforms.Build.0 = Debug|Any CPU
		{46E32112-88F3-4338-B5D0-FAB1D8B3CFC8}.Debug|x86.ActiveCfg = Debug|Any CPU
		{46E32112-88F3-4338-B5D0-FAB1D8B3CFC8}.Release|Any CPU.ActiveCfg = Release|Any CPU
		{46E32112-88F3-4338-B5D0-FAB1D8B3CFC8}.Release|Any CPU.Build.0 = Release|Any CPU
		{46E32112-88F3-4338-B5D0-FAB1D8B3CFC8}.Release|Mixed Platforms.ActiveCfg = Release|Any CPU
		{46E32112-88F3-4338-B5D0-FAB1D8B3CFC8}.Release|Mixed Platforms.Build.0 = Release|Any CPU
		{46E32112-88F3-4338-B5D0-FAB1D8B3CFC8}.Release|x86.ActiveCfg = Release|Any CPU
		{797DC2F1-1CF0-48F8-B6F0-71DF5E7E1225}.Debug|Any CPU.ActiveCfg = Debug|Any CPU
		{797DC2F1-1CF0-48F8-B6F0-71DF5E7E1225}.Debug|Any CPU.Build.0 = Debug|Any CPU
		{797DC2F1-1CF0-48F8-B6F0-71DF5E7E1225}.Debug|Mixed Platforms.ActiveCfg = Debug|Any CPU
		{797DC2F1-1CF0-48F8-B6F0-71DF5E7E1225}.Debug|Mixed Platforms.Build.0 = Debug|Any CPU
		{797DC2F1-1CF0-48F8-B6F0-71DF5E7E1225}.Debug|x86.ActiveCfg = Debug|Any CPU
		{797DC2F1-1CF0-48F8-B6F0-71DF5E7E1225}.Release|Any CPU.ActiveCfg = Release|Any CPU
		{797DC2F1-1CF0-48F8-B6F0-71DF5E7E1225}.Release|Any CPU.Build.0 = Release|Any CPU
		{797DC2F1-1CF0-48F8-B6F0-71DF5E7E1225}.Release|Mixed Platforms.ActiveCfg = Release|Any CPU
		{797DC2F1-1CF0-48F8-B6F0-71DF5E7E1225}.Release|Mixed Platforms.Build.0 = Release|Any CPU
		{797DC2F1-1CF0-48F8-B6F0-71DF5E7E1225}.Release|x86.ActiveCfg = Release|Any CPU
	EndGlobalSection
	GlobalSection(SolutionProperties) = preSolution
		HideSolutionNode = FALSE
	EndGlobalSection
EndGlobal
