
Microsoft Visual Studio Solution File, Format Version 11.00
# Visual Studio 2010
Project("{FAE04EC0-301F-11D3-BF4B-00C04F79EFBC}") = "cahootsVisualStudio", "cahootsVisualStudio\cahootsVisualStudio.csproj", "{55935C31-5FC4-4939-9B0F-F22F50CF7E21}"
EndProject
Global
	GlobalSection(SolutionConfigurationPlatforms) = preSolution
		Debug|Any CPU = Debug|Any CPU
		Release|Any CPU = Release|Any CPU
	EndGlobalSection
	GlobalSection(ProjectConfigurationPlatforms) = postSolution
		{55935C31-5FC4-4939-9B0F-F22F50CF7E21}.Debug|Any CPU.ActiveCfg = Debug|Any CPU
		{55935C31-5FC4-4939-9B0F-F22F50CF7E21}.Debug|Any CPU.Build.0 = Debug|Any CPU
		{55935C31-5FC4-4939-9B0F-F22F50CF7E21}.Release|Any CPU.ActiveCfg = Release|Any CPU
		{55935C31-5FC4-4939-9B0F-F22F50CF7E21}.Release|Any CPU.Build.0 = Release|Any CPU
	EndGlobalSection
	GlobalSection(SolutionProperties) = preSolution
		HideSolutionNode = FALSE
	EndGlobalSection
EndGlobal
